
Microsoft Visual Studio Solution File, Format Version 12.00
Project("{FAE04EC0-301F-11D3-BF4B-00C04F79EFBC}") = "task2", "task2\task2.csproj", "{A0E2E74F-6096-47FA-96CD-15F15ACB0861}"
EndProject
Project("{FAE04EC0-301F-11D3-BF4B-00C04F79EFBC}") = "task3", "task3\task3.csproj", "{79F24562-6782-4AAC-9699-3634C3D27197}"
EndProject
Global
	GlobalSection(SolutionConfigurationPlatforms) = preSolution
		Debug|Any CPU = Debug|Any CPU
		Release|Any CPU = Release|Any CPU
	EndGlobalSection
	GlobalSection(ProjectConfigurationPlatforms) = postSolution
		{A0E2E74F-6096-47FA-96CD-15F15ACB0861}.Debug|Any CPU.ActiveCfg = Debug|Any CPU
		{A0E2E74F-6096-47FA-96CD-15F15ACB0861}.Debug|Any CPU.Build.0 = Debug|Any CPU
		{A0E2E74F-6096-47FA-96CD-15F15ACB0861}.Release|Any CPU.ActiveCfg = Release|Any CPU
		{A0E2E74F-6096-47FA-96CD-15F15ACB0861}.Release|Any CPU.Build.0 = Release|Any CPU
		{79F24562-6782-4AAC-9699-3634C3D27197}.Debug|Any CPU.ActiveCfg = Debug|Any CPU
		{79F24562-6782-4AAC-9699-3634C3D27197}.Debug|Any CPU.Build.0 = Debug|Any CPU
		{79F24562-6782-4AAC-9699-3634C3D27197}.Release|Any CPU.ActiveCfg = Release|Any CPU
		{79F24562-6782-4AAC-9699-3634C3D27197}.Release|Any CPU.Build.0 = Release|Any CPU
	EndGlobalSection
EndGlobal
